
Microsoft Visual Studio Solution File, Format Version 12.00
# Visual Studio Version 16
VisualStudioVersion = 16.0.30114.105
MinimumVisualStudioVersion = 10.0.40219.1
Project("{FAE04EC0-301F-11D3-BF4B-00C04F79EFBC}") = "FloriApp.ExampleApp", "src\FloriApp.ExampleApp\FloriApp.ExampleApp.csproj", "{4758FF02-FD17-4C8D-991E-F44F5745AB77}"
EndProject
Global
	GlobalSection(SolutionConfigurationPlatforms) = preSolution
		Debug|Any CPU = Debug|Any CPU
		Release|Any CPU = Release|Any CPU
	EndGlobalSection
	GlobalSection(ProjectConfigurationPlatforms) = postSolution
		{4758FF02-FD17-4C8D-991E-F44F5745AB77}.Debug|Any CPU.ActiveCfg = Debug|Any CPU
		{4758FF02-FD17-4C8D-991E-F44F5745AB77}.Debug|Any CPU.Build.0 = Debug|Any CPU
		{4758FF02-FD17-4C8D-991E-F44F5745AB77}.Release|Any CPU.ActiveCfg = Release|Any CPU
		{4758FF02-FD17-4C8D-991E-F44F5745AB77}.Release|Any CPU.Build.0 = Release|Any CPU
	EndGlobalSection
	GlobalSection(SolutionProperties) = preSolution
		HideSolutionNode = FALSE
	EndGlobalSection
	GlobalSection(ExtensibilityGlobals) = postSolution
		SolutionGuid = {EA37B974-EBFE-483D-B93F-CE43FF46750F}
	EndGlobalSection
EndGlobal
